
Microsoft Visual Studio Solution File, Format Version 12.00
# Visual Studio Version 16
VisualStudioVersion = 16.0.30523.141
MinimumVisualStudioVersion = 10.0.40219.1
Project("{FAE04EC0-301F-11D3-BF4B-00C04F79EFBC}") = "TrackerLibrary", "TrackerLibrary\TrackerLibrary.csproj", "{63F9F702-6E96-476D-8519-A6AADF86DB4C}"
EndProject
Project("{FAE04EC0-301F-11D3-BF4B-00C04F79EFBC}") = "TrackerUI", "TrackerUI\TrackerUI.csproj", "{BB7AC081-9349-481C-A117-938FCE39D660}"
EndProject
Global
	GlobalSection(SolutionConfigurationPlatforms) = preSolution
		Debug|Any CPU = Debug|Any CPU
		Release|Any CPU = Release|Any CPU
	EndGlobalSection
	GlobalSection(ProjectConfigurationPlatforms) = postSolution
		{63F9F702-6E96-476D-8519-A6AADF86DB4C}.Debug|Any CPU.ActiveCfg = Debug|Any CPU
		{63F9F702-6E96-476D-8519-A6AADF86DB4C}.Debug|Any CPU.Build.0 = Debug|Any CPU
		{63F9F702-6E96-476D-8519-A6AADF86DB4C}.Release|Any CPU.ActiveCfg = Release|Any CPU
		{63F9F702-6E96-476D-8519-A6AADF86DB4C}.Release|Any CPU.Build.0 = Release|Any CPU
		{BB7AC081-9349-481C-A117-938FCE39D660}.Debug|Any CPU.ActiveCfg = Debug|Any CPU
		{BB7AC081-9349-481C-A117-938FCE39D660}.Debug|Any CPU.Build.0 = Debug|Any CPU
		{BB7AC081-9349-481C-A117-938FCE39D660}.Release|Any CPU.ActiveCfg = Release|Any CPU
		{BB7AC081-9349-481C-A117-938FCE39D660}.Release|Any CPU.Build.0 = Release|Any CPU
	EndGlobalSection
	GlobalSection(SolutionProperties) = preSolution
		HideSolutionNode = FALSE
	EndGlobalSection
	GlobalSection(ExtensibilityGlobals) = postSolution
		SolutionGuid = {354D65C5-FE56-45D3-84B4-7003B083C4B6}
	EndGlobalSection
EndGlobal
